PODS:
  - Doppelganger (1.2)
  - Expecta (0.3.1)
  - Specta (0.3.0.beta1)

DEPENDENCIES:
  - Doppelganger (from `../`)
  - Expecta (~> 0.3.1)
  - Specta (from `https://github.com/specta/specta.git`)

EXTERNAL SOURCES:
  Doppelganger:
    :path: ../
  Specta:
    :git: https://github.com/specta/specta.git

CHECKOUT OPTIONS:
  Specta:
    :commit: 9371f3a3a2a4316efae04ebc135cdcf89086e975
    :git: https://github.com/specta/specta.git

SPEC CHECKSUMS:
  Doppelganger: 55979e1cc1f69b267e516e0c4ef8754a97fe4499
  Expecta: 03aabd0a89d8dea843baecb19a7fd7466a69a31d
  Specta: d2158a483ad179e5f8d3a29f75ff4fc0ff6fab16

COCOAPODS: 0.36.0.beta.1
